
Microsoft Visual Studio Solution File, Format Version 12.00
# Visual Studio Version 17
VisualStudioVersion = 17.4.33122.133
MinimumVisualStudioVersion = 10.0.40219.1
Project("{9A19103F-16F7-4668-BE54-9A1E7A4F7556}") = "OnCallDeveloperApi", "OnCallDeveloperApi\OnCallDeveloperApi.csproj", "{227958CE-03AD-4E1E-9F18-B704F0BCFC8E}"
EndProject
Project("{FAE04EC0-301F-11D3-BF4B-00C04F79EFBC}") = "DeveloperLookup", "DeveloperLookup\DeveloperLookup.csproj", "{74C8753D-ECD3-4C94-AC3C-459F0DD338CE}"
EndProject
Global
	GlobalSection(SolutionConfigurationPlatforms) = preSolution
		Debug|Any CPU = Debug|Any CPU
		Release|Any CPU = Release|Any CPU
	EndGlobalSection
	GlobalSection(ProjectConfigurationPlatforms) = postSolution
		{227958CE-03AD-4E1E-9F18-B704F0BCFC8E}.Debug|Any CPU.ActiveCfg = Debug|Any CPU
		{227958CE-03AD-4E1E-9F18-B704F0BCFC8E}.Debug|Any CPU.Build.0 = Debug|Any CPU
		{227958CE-03AD-4E1E-9F18-B704F0BCFC8E}.Release|Any CPU.ActiveCfg = Release|Any CPU
		{227958CE-03AD-4E1E-9F18-B704F0BCFC8E}.Release|Any CPU.Build.0 = Release|Any CPU
		{74C8753D-ECD3-4C94-AC3C-459F0DD338CE}.Debug|Any CPU.ActiveCfg = Debug|Any CPU
		{74C8753D-ECD3-4C94-AC3C-459F0DD338CE}.Debug|Any CPU.Build.0 = Debug|Any CPU
		{74C8753D-ECD3-4C94-AC3C-459F0DD338CE}.Release|Any CPU.ActiveCfg = Release|Any CPU
		{74C8753D-ECD3-4C94-AC3C-459F0DD338CE}.Release|Any CPU.Build.0 = Release|Any CPU
	EndGlobalSection
	GlobalSection(SolutionProperties) = preSolution
		HideSolutionNode = FALSE
	EndGlobalSection
	GlobalSection(ExtensibilityGlobals) = postSolution
		SolutionGuid = {A3D0583E-14D7-4EC0-B28E-780E9863021D}
	EndGlobalSection
EndGlobal
